
Microsoft Visual Studio Solution File, Format Version 12.00
# Visual Studio 15
Project("{FAE04EC0-301F-11D3-BF4B-00C04F79EFBC}") = "Assembly-CSharp", "Assembly-CSharp.csproj", "{09ECFD55-93E1-21F3-1E23-EC9F881A5BA4}"
EndProject
Project("{FAE04EC0-301F-11D3-BF4B-00C04F79EFBC}") = "Assembly-CSharp-Editor", "Assembly-CSharp-Editor.csproj", "{8BB37B80-9E70-EADB-B4C4-49D2BCDF5A40}"
EndProject
Global
	GlobalSection(SolutionConfigurationPlatforms) = preSolution
		Debug|Any CPU = Debug|Any CPU
		Release|Any CPU = Release|Any CPU
	EndGlobalSection
	GlobalSection(ProjectConfigurationPlatforms) = postSolution
		{09ECFD55-93E1-21F3-1E23-EC9F881A5BA4}.Debug|Any CPU.ActiveCfg = Debug|Any CPU
		{09ECFD55-93E1-21F3-1E23-EC9F881A5BA4}.Debug|Any CPU.Build.0 = Debug|Any CPU
		{09ECFD55-93E1-21F3-1E23-EC9F881A5BA4}.Release|Any CPU.ActiveCfg = Release|Any CPU
		{09ECFD55-93E1-21F3-1E23-EC9F881A5BA4}.Release|Any CPU.Build.0 = Release|Any CPU
		{8BB37B80-9E70-EADB-B4C4-49D2BCDF5A40}.Debug|Any CPU.ActiveCfg = Debug|Any CPU
		{8BB37B80-9E70-EADB-B4C4-49D2BCDF5A40}.Debug|Any CPU.Build.0 = Debug|Any CPU
		{8BB37B80-9E70-EADB-B4C4-49D2BCDF5A40}.Release|Any CPU.ActiveCfg = Release|Any CPU
		{8BB37B80-9E70-EADB-B4C4-49D2BCDF5A40}.Release|Any CPU.Build.0 = Release|Any CPU
	EndGlobalSection
	GlobalSection(SolutionProperties) = preSolution
		HideSolutionNode = FALSE
	EndGlobalSection
EndGlobal
